
Microsoft Visual Studio Solution File, Format Version 12.00
# Visual Studio Version 16
VisualStudioVersion = 16.0.31105.61
MinimumVisualStudioVersion = 10.0.40219.1
Project("{9A19103F-16F7-4668-BE54-9A1E7A4F7556}") = "SeminarskiRSII.WebApi", "SeminarskiRSII.WebApi\SeminarskiRSII.WebApi.csproj", "{93B44676-0C81-4D6B-AAF0-344E34C2A797}"
EndProject
Project("{2150E333-8FDC-42A3-9474-1A3956D46DE8}") = "UI", "UI", "{F140CD30-FE4B-4183-8F05-CD72EECBEB86}"
EndProject
Project("{FAE04EC0-301F-11D3-BF4B-00C04F79EFBC}") = "SeminarskiRSII.WinUI", "SeminarskiRSII.WinUI\SeminarskiRSII.WinUI.csproj", "{62E6F801-164B-46DF-BF9B-47E0064F44C8}"
EndProject
Project("{9A19103F-16F7-4668-BE54-9A1E7A4F7556}") = "SeminarskiRSII.Model", "SeminarskiRSII.Model\SeminarskiRSII.Model.csproj", "{2EC396D4-6CEF-470C-9F72-0485F1DD48AB}"
EndProject
Project("{2150E333-8FDC-42A3-9474-1A3956D46DE8}") = "SeminarskiRSII.Mobile", "SeminarskiRSII.Mobile", "{488CDFBF-8556-4FE5-8C65-6C090A8399AB}"
EndProject
Project("{FAE04EC0-301F-11D3-BF4B-00C04F79EFBC}") = "HotelRSII.Project.UWP", "HotelRSII.Project\HotelRSII.Project.UWP\HotelRSII.Project.UWP.csproj", "{213710DB-774D-433A-99FE-87978DB53C77}"
EndProject
Project("{FAE04EC0-301F-11D3-BF4B-00C04F79EFBC}") = "HotelRSII.Project.Android", "HotelRSII.Project\HotelRSII.Project.Android\HotelRSII.Project.Android.csproj", "{26C673A9-1133-4214-909C-509AB7B1F467}"
EndProject
Project("{FAE04EC0-301F-11D3-BF4B-00C04F79EFBC}") = "HotelRSII.Project.iOS", "HotelRSII.Project\HotelRSII.Project.iOS\HotelRSII.Project.iOS.csproj", "{62581735-A16C-4054-8534-0E37030444C3}"
EndProject
Project("{9A19103F-16F7-4668-BE54-9A1E7A4F7556}") = "HotelRSII.Project", "HotelRSII.Project\HotelRSII.Project\HotelRSII.Project.csproj", "{1404383F-801F-4769-AB1B-6691BF69ED73}"
EndProject
Global
	GlobalSection(SolutionConfigurationPlatforms) = preSolution
		Debug|Any CPU = Debug|Any CPU
		Debug|ARM = Debug|ARM
		Debug|iPhone = Debug|iPhone
		Debug|iPhoneSimulator = Debug|iPhoneSimulator
		Debug|x64 = Debug|x64
		Debug|x86 = Debug|x86
		Release|Any CPU = Release|Any CPU
		Release|ARM = Release|ARM
		Release|iPhone = Release|iPhone
		Release|iPhoneSimulator = Release|iPhoneSimulator
		Release|x64 = Release|x64
		Release|x86 = Release|x86
	EndGlobalSection
	GlobalSection(ProjectConfigurationPlatforms) = postSolution
		{93B44676-0C81-4D6B-AAF0-344E34C2A797}.Debug|Any CPU.ActiveCfg = Debug|Any CPU
		{93B44676-0C81-4D6B-AAF0-344E34C2A797}.Debug|Any CPU.Build.0 = Debug|Any CPU
		{93B44676-0C81-4D6B-AAF0-344E34C2A797}.Debug|ARM.ActiveCfg = Debug|Any CPU
		{93B44676-0C81-4D6B-AAF0-344E34C2A797}.Debug|ARM.Build.0 = Debug|Any CPU
		{93B44676-0C81-4D6B-AAF0-344E34C2A797}.Debug|iPhone.ActiveCfg = Debug|Any CPU
		{93B44676-0C81-4D6B-AAF0-344E34C2A797}.Debug|iPhone.Build.0 = Debug|Any CPU
		{93B44676-0C81-4D6B-AAF0-344E34C2A797}.Debug|iPhoneSimulator.ActiveCfg = Debug|Any CPU
		{93B44676-0C81-4D6B-AAF0-344E34C2A797}.Debug|iPhoneSimulator.Build.0 = Debug|Any CPU
		{93B44676-0C81-4D6B-AAF0-344E34C2A797}.Debug|x64.ActiveCfg = Debug|Any CPU
		{93B44676-0C81-4D6B-AAF0-344E34C2A797}.Debug|x64.Build.0 = Debug|Any CPU
		{93B44676-0C81-4D6B-AAF0-344E34C2A797}.Debug|x86.ActiveCfg = Debug|Any CPU
		{93B44676-0C81-4D6B-AAF0-344E34C2A797}.Debug|x86.Build.0 = Debug|Any CPU
		{93B44676-0C81-4D6B-AAF0-344E34C2A797}.Release|Any CPU.ActiveCfg = Release|Any CPU
		{93B44676-0C81-4D6B-AAF0-344E34C2A797}.Release|Any CPU.Build.0 = Release|Any CPU
		{93B44676-0C81-4D6B-AAF0-344E34C2A797}.Release|ARM.ActiveCfg = Release|Any CPU
		{93B44676-0C81-4D6B-AAF0-344E34C2A797}.Release|ARM.Build.0 = Release|Any CPU
		{93B44676-0C81-4D6B-AAF0-344E34C2A797}.Release|iPhone.ActiveCfg = Release|Any CPU
		{93B44676-0C81-4D6B-AAF0-344E34C2A797}.Release|iPhone.Build.0 = Release|Any CPU
		{93B44676-0C81-4D6B-AAF0-344E34C2A797}.Release|iPhoneSimulator.ActiveCfg = Release|Any CPU
		{93B44676-0C81-4D6B-AAF0-344E34C2A797}.Release|iPhoneSimulator.Build.0 = Release|Any CPU
		{93B44676-0C81-4D6B-AAF0-344E34C2A797}.Release|x64.ActiveCfg = Release|Any CPU
		{93B44676-0C81-4D6B-AAF0-344E34C2A797}.Release|x64.Build.0 = Release|Any CPU
		{93B44676-0C81-4D6B-AAF0-344E34C2A797}.Release|x86.ActiveCfg = Release|Any CPU
		{93B44676-0C81-4D6B-AAF0-344E34C2A797}.Release|x86.Build.0 = Release|Any CPU
		{62E6F801-164B-46DF-BF9B-47E0064F44C8}.Debug|Any CPU.ActiveCfg = Debug|Any CPU
		{62E6F801-164B-46DF-BF9B-47E0064F44C8}.Debug|Any CPU.Build.0 = Debug|Any CPU
		{62E6F801-164B-46DF-BF9B-47E0064F44C8}.Debug|ARM.ActiveCfg = Debug|Any CPU
		{62E6F801-164B-46DF-BF9B-47E0064F44C8}.Debug|ARM.Build.0 = Debug|Any CPU
		{62E6F801-164B-46DF-BF9B-47E0064F44C8}.Debug|iPhone.ActiveCfg = Debug|Any CPU
		{62E6F801-164B-46DF-BF9B-47E0064F44C8}.Debug|iPhone.Build.0 = Debug|Any CPU
		{62E6F801-164B-46DF-BF9B-47E0064F44C8}.Debug|iPhoneSimulator.ActiveCfg = Debug|Any CPU
		{62E6F801-164B-46DF-BF9B-47E0064F44C8}.Debug|iPhoneSimulator.Build.0 = Debug|Any CPU
		{62E6F801-164B-46DF-BF9B-47E0064F44C8}.Debug|x64.ActiveCfg = Debug|Any CPU
		{62E6F801-164B-46DF-BF9B-47E0064F44C8}.Debug|x64.Build.0 = Debug|Any CPU
		{62E6F801-164B-46DF-BF9B-47E0064F44C8}.Debug|x86.ActiveCfg = Debug|Any CPU
		{62E6F801-164B-46DF-BF9B-47E0064F44C8}.Debug|x86.Build.0 = Debug|Any CPU
		{62E6F801-164B-46DF-BF9B-47E0064F44C8}.Release|Any CPU.ActiveCfg = Release|Any CPU
		{62E6F801-164B-46DF-BF9B-47E0064F44C8}.Release|Any CPU.Build.0 = Release|Any CPU
		{62E6F801-164B-46DF-BF9B-47E0064F44C8}.Release|ARM.ActiveCfg = Release|Any CPU
		{62E6F801-164B-46DF-BF9B-47E0064F44C8}.Release|ARM.Build.0 = Release|Any CPU
		{62E6F801-164B-46DF-BF9B-47E0064F44C8}.Release|iPhone.ActiveCfg = Release|Any CPU
		{62E6F801-164B-46DF-BF9B-47E0064F44C8}.Release|iPhone.Build.0 = Release|Any CPU
		{62E6F801-164B-46DF-BF9B-47E0064F44C8}.Release|iPhoneSimulator.ActiveCfg = Release|Any CPU
		{62E6F801-164B-46DF-BF9B-47E0064F44C8}.Release|iPhoneSimulator.Build.0 = Release|Any CPU
		{62E6F801-164B-46DF-BF9B-47E0064F44C8}.Release|x64.ActiveCfg = Release|Any CPU
		{62E6F801-164B-46DF-BF9B-47E0064F44C8}.Release|x64.Build.0 = Release|Any CPU
		{62E6F801-164B-46DF-BF9B-47E0064F44C8}.Release|x86.ActiveCfg = Release|Any CPU
		{62E6F801-164B-46DF-BF9B-47E0064F44C8}.Release|x86.Build.0 = Release|Any CPU
		{2EC396D4-6CEF-470C-9F72-0485F1DD48AB}.Debug|Any CPU.ActiveCfg = Debug|Any CPU
		{2EC396D4-6CEF-470C-9F72-0485F1DD48AB}.Debug|Any CPU.Build.0 = Debug|Any CPU
		{2EC396D4-6CEF-470C-9F72-0485F1DD48AB}.Debug|ARM.ActiveCfg = Debug|Any CPU
		{2EC396D4-6CEF-470C-9F72-0485F1DD48AB}.Debug|ARM.Build.0 = Debug|Any CPU
		{2EC396D4-6CEF-470C-9F72-0485F1DD48AB}.Debug|iPhone.ActiveCfg = Debug|Any CPU
		{2EC396D4-6CEF-470C-9F72-0485F1DD48AB}.Debug|iPhone.Build.0 = Debug|Any CPU
		{2EC396D4-6CEF-470C-9F72-0485F1DD48AB}.Debug|iPhoneSimulator.ActiveCfg = Debug|Any CPU
		{2EC396D4-6CEF-470C-9F72-0485F1DD48AB}.Debug|iPhoneSimulator.Build.0 = Debug|Any CPU
		{2EC396D4-6CEF-470C-9F72-0485F1DD48AB}.Debug|x64.ActiveCfg = Debug|Any CPU
		{2EC396D4-6CEF-470C-9F72-0485F1DD48AB}.Debug|x64.Build.0 = Debug|Any CPU
		{2EC396D4-6CEF-470C-9F72-0485F1DD48AB}.Debug|x86.ActiveCfg = Debug|Any CPU
		{2EC396D4-6CEF-470C-9F72-0485F1DD48AB}.Debug|x86.Build.0 = Debug|Any CPU
		{2EC396D4-6CEF-470C-9F72-0485F1DD48AB}.Release|Any CPU.ActiveCfg = Release|Any CPU
		{2EC396D4-6CEF-470C-9F72-0485F1DD48AB}.Release|Any CPU.Build.0 = Release|Any CPU
		{2EC396D4-6CEF-470C-9F72-0485F1DD48AB}.Release|ARM.ActiveCfg = Release|Any CPU
		{2EC396D4-6CEF-470C-9F72-0485F1DD48AB}.Release|ARM.Build.0 = Release|Any CPU
		{2EC396D4-6CEF-470C-9F72-0485F1DD48AB}.Release|iPhone.ActiveCfg = Release|Any CPU
		{2EC396D4-6CEF-470C-9F72-0485F1DD48AB}.Release|iPhone.Build.0 = Release|Any CPU
		{2EC396D4-6CEF-470C-9F72-0485F1DD48AB}.Release|iPhoneSimulator.ActiveCfg = Release|Any CPU
		{2EC396D4-6CEF-470C-9F72-0485F1DD48AB}.Release|iPhoneSimulator.Build.0 = Release|Any CPU
		{2EC396D4-6CEF-470C-9F72-0485F1DD48AB}.Release|x64.ActiveCfg = Release|Any CPU
		{2EC396D4-6CEF-470C-9F72-0485F1DD48AB}.Release|x64.Build.0 = Release|Any CPU
		{2EC396D4-6CEF-470C-9F72-0485F1DD48AB}.Release|x86.ActiveCfg = Release|Any CPU
		{2EC396D4-6CEF-470C-9F72-0485F1DD48AB}.Release|x86.Build.0 = Release|Any CPU
		{213710DB-774D-433A-99FE-87978DB53C77}.Debug|Any CPU.ActiveCfg = Debug|x86
		{213710DB-774D-433A-99FE-87978DB53C77}.Debug|Any CPU.Build.0 = Debug|x86
		{213710DB-774D-433A-99FE-87978DB53C77}.Debug|Any CPU.Deploy.0 = Debug|x86
		{213710DB-774D-433A-99FE-87978DB53C77}.Debug|ARM.ActiveCfg = Debug|ARM
		{213710DB-774D-433A-99FE-87978DB53C77}.Debug|ARM.Build.0 = Debug|ARM
		{213710DB-774D-433A-99FE-87978DB53C77}.Debug|ARM.Deploy.0 = Debug|ARM
		{213710DB-774D-433A-99FE-87978DB53C77}.Debug|iPhone.ActiveCfg = Debug|x86
		{213710DB-774D-433A-99FE-87978DB53C77}.Debug|iPhoneSimulator.ActiveCfg = Debug|x86
		{213710DB-774D-433A-99FE-87978DB53C77}.Debug|x64.ActiveCfg = Debug|x64
		{213710DB-774D-433A-99FE-87978DB53C77}.Debug|x64.Build.0 = Debug|x64
		{213710DB-774D-433A-99FE-87978DB53C77}.Debug|x64.Deploy.0 = Debug|x64
		{213710DB-774D-433A-99FE-87978DB53C77}.Debug|x86.ActiveCfg = Debug|x86
		{213710DB-774D-433A-99FE-87978DB53C77}.Debug|x86.Build.0 = Debug|x86
		{213710DB-774D-433A-99FE-87978DB53C77}.Debug|x86.Deploy.0 = Debug|x86
		{213710DB-774D-433A-99FE-87978DB53C77}.Release|Any CPU.ActiveCfg = Release|x86
		{213710DB-774D-433A-99FE-87978DB53C77}.Release|ARM.ActiveCfg = Release|ARM
		{213710DB-774D-433A-99FE-87978DB53C77}.Release|ARM.Build.0 = Release|ARM
		{213710DB-774D-433A-99FE-87978DB53C77}.Release|ARM.Deploy.0 = Release|ARM
		{213710DB-774D-433A-99FE-87978DB53C77}.Release|iPhone.ActiveCfg = Release|x86
		{213710DB-774D-433A-99FE-87978DB53C77}.Release|iPhoneSimulator.ActiveCfg = Release|x86
		{213710DB-774D-433A-99FE-87978DB53C77}.Release|x64.ActiveCfg = Release|x64
		{213710DB-774D-433A-99FE-87978DB53C77}.Release|x64.Build.0 = Release|x64
		{213710DB-774D-433A-99FE-87978DB53C77}.Release|x64.Deploy.0 = Release|x64
		{213710DB-774D-433A-99FE-87978DB53C77}.Release|x86.ActiveCfg = Release|x86
		{213710DB-774D-433A-99FE-87978DB53C77}.Release|x86.Build.0 = Release|x86
		{213710DB-774D-433A-99FE-87978DB53C77}.Release|x86.Deploy.0 = Release|x86
		{26C673A9-1133-4214-909C-509AB7B1F467}.Debug|Any CPU.ActiveCfg = Debug|Any CPU
		{26C673A9-1133-4214-909C-509AB7B1F467}.Debug|Any CPU.Build.0 = Debug|Any CPU
		{26C673A9-1133-4214-909C-509AB7B1F467}.Debug|Any CPU.Deploy.0 = Debug|Any CPU
		{26C673A9-1133-4214-909C-509AB7B1F467}.Debug|ARM.ActiveCfg = Debug|Any CPU
		{26C673A9-1133-4214-909C-509AB7B1F467}.Debug|ARM.Build.0 = Debug|Any CPU
		{26C673A9-1133-4214-909C-509AB7B1F467}.Debug|ARM.Deploy.0 = Debug|Any CPU
		{26C673A9-1133-4214-909C-509AB7B1F467}.Debug|iPhone.ActiveCfg = Debug|Any CPU
		{26C673A9-1133-4214-909C-509AB7B1F467}.Debug|iPhone.Build.0 = Debug|Any CPU
		{26C673A9-1133-4214-909C-509AB7B1F467}.Debug|iPhone.Deploy.0 = Debug|Any CPU
		{26C673A9-1133-4214-909C-509AB7B1F467}.Debug|iPhoneSimulator.ActiveCfg = Debug|Any CPU
		{26C673A9-1133-4214-909C-509AB7B1F467}.Debug|iPhoneSimulator.Build.0 = Debug|Any CPU
		{26C673A9-1133-4214-909C-509AB7B1F467}.Debug|iPhoneSimulator.Deploy.0 = Debug|Any CPU
		{26C673A9-1133-4214-909C-509AB7B1F467}.Debug|x64.ActiveCfg = Debug|Any CPU
		{26C673A9-1133-4214-909C-509AB7B1F467}.Debug|x64.Build.0 = Debug|Any CPU
		{26C673A9-1133-4214-909C-509AB7B1F467}.Debug|x64.Deploy.0 = Debug|Any CPU
		{26C673A9-1133-4214-909C-509AB7B1F467}.Debug|x86.ActiveCfg = Debug|Any CPU
		{26C673A9-1133-4214-909C-509AB7B1F467}.Debug|x86.Build.0 = Debug|Any CPU
		{26C673A9-1133-4214-909C-509AB7B1F467}.Debug|x86.Deploy.0 = Debug|Any CPU
		{26C673A9-1133-4214-909C-509AB7B1F467}.Release|Any CPU.ActiveCfg = Release|Any CPU
		{26C673A9-1133-4214-909C-509AB7B1F467}.Release|Any CPU.Build.0 = Release|Any CPU
		{26C673A9-1133-4214-909C-509AB7B1F467}.Release|Any CPU.Deploy.0 = Release|Any CPU
		{26C673A9-1133-4214-909C-509AB7B1F467}.Release|ARM.ActiveCfg = Release|Any CPU
		{26C673A9-1133-4214-909C-509AB7B1F467}.Release|ARM.Build.0 = Release|Any CPU
		{26C673A9-1133-4214-909C-509AB7B1F467}.Release|ARM.Deploy.0 = Release|Any CPU
		{26C673A9-1133-4214-909C-509AB7B1F467}.Release|iPhone.ActiveCfg = Release|Any CPU
		{26C673A9-1133-4214-909C-509AB7B1F467}.Release|iPhone.Build.0 = Release|Any CPU
		{26C673A9-1133-4214-909C-509AB7B1F467}.Release|iPhone.Deploy.0 = Release|Any CPU
		{26C673A9-1133-4214-909C-509AB7B1F467}.Release|iPhoneSimulator.ActiveCfg = Release|Any CPU
		{26C673A9-1133-4214-909C-509AB7B1F467}.Release|iPhoneSimulator.Build.0 = Release|Any CPU
		{26C673A9-1133-4214-909C-509AB7B1F467}.Release|iPhoneSimulator.Deploy.0 = Release|Any CPU
		{26C673A9-1133-4214-909C-509AB7B1F467}.Release|x64.ActiveCfg = Release|Any CPU
		{26C673A9-1133-4214-909C-509AB7B1F467}.Release|x64.Build.0 = Release|Any CPU
		{26C673A9-1133-4214-909C-509AB7B1F467}.Release|x64.Deploy.0 = Release|Any CPU
		{26C673A9-1133-4214-909C-509AB7B1F467}.Release|x86.ActiveCfg = Release|Any CPU
		{26C673A9-1133-4214-909C-509AB7B1F467}.Release|x86.Build.0 = Release|Any CPU
		{26C673A9-1133-4214-909C-509AB7B1F467}.Release|x86.Deploy.0 = Release|Any CPU
		{62581735-A16C-4054-8534-0E37030444C3}.Debug|Any CPU.ActiveCfg = Debug|iPhoneSimulator
		{62581735-A16C-4054-8534-0E37030444C3}.Debug|ARM.ActiveCfg = Debug|iPhoneSimulator
		{62581735-A16C-4054-8534-0E37030444C3}.Debug|iPhone.ActiveCfg = Debug|iPhone
		{62581735-A16C-4054-8534-0E37030444C3}.Debug|iPhone.Build.0 = Debug|iPhone
		{62581735-A16C-4054-8534-0E37030444C3}.Debug|iPhoneSimulator.ActiveCfg = Debug|iPhoneSimulator
		{62581735-A16C-4054-8534-0E37030444C3}.Debug|iPhoneSimulator.Build.0 = Debug|iPhoneSimulator
		{62581735-A16C-4054-8534-0E37030444C3}.Debug|x64.ActiveCfg = Debug|iPhoneSimulator
		{62581735-A16C-4054-8534-0E37030444C3}.Debug|x86.ActiveCfg = Debug|iPhoneSimulator
		{62581735-A16C-4054-8534-0E37030444C3}.Release|Any CPU.ActiveCfg = Release|iPhoneSimulator
		{62581735-A16C-4054-8534-0E37030444C3}.Release|ARM.ActiveCfg = Release|iPhoneSimulator
		{62581735-A16C-4054-8534-0E37030444C3}.Release|iPhone.ActiveCfg = Release|iPhone
		{62581735-A16C-4054-8534-0E37030444C3}.Release|iPhone.Build.0 = Release|iPhone
		{62581735-A16C-4054-8534-0E37030444C3}.Release|iPhoneSimulator.ActiveCfg = Release|iPhoneSimulator
		{62581735-A16C-4054-8534-0E37030444C3}.Release|iPhoneSimulator.Build.0 = Release|iPhoneSimulator
		{62581735-A16C-4054-8534-0E37030444C3}.Release|x64.ActiveCfg = Release|iPhoneSimulator
		{62581735-A16C-4054-8534-0E37030444C3}.Release|x86.ActiveCfg = Release|iPhoneSimulator
		{1404383F-801F-4769-AB1B-6691BF69ED73}.Debug|Any CPU.ActiveCfg = Debug|Any CPU
		{1404383F-801F-4769-AB1B-6691BF69ED73}.Debug|Any CPU.Build.0 = Debug|Any CPU
		{1404383F-801F-4769-AB1B-6691BF69ED73}.Debug|ARM.ActiveCfg = Debug|Any CPU
		{1404383F-801F-4769-AB1B-6691BF69ED73}.Debug|ARM.Build.0 = Debug|Any CPU
		{1404383F-801F-4769-AB1B-6691BF69ED73}.Debug|iPhone.ActiveCfg = Debug|Any CPU
		{1404383F-801F-4769-AB1B-6691BF69ED73}.Debug|iPhone.Build.0 = Debug|Any CPU
		{1404383F-801F-4769-AB1B-6691BF69ED73}.Debug|iPhoneSimulator.ActiveCfg = Debug|Any CPU
		{1404383F-801F-4769-AB1B-6691BF69ED73}.Debug|iPhoneSimulator.Build.0 = Debug|Any CPU
		{1404383F-801F-4769-AB1B-6691BF69ED73}.Debug|x64.ActiveCfg = Debug|Any CPU
		{1404383F-801F-4769-AB1B-6691BF69ED73}.Debug|x64.Build.0 = Debug|Any CPU
		{1404383F-801F-4769-AB1B-6691BF69ED73}.Debug|x86.ActiveCfg = Debug|Any CPU
		{1404383F-801F-4769-AB1B-6691BF69ED73}.Debug|x86.Build.0 = Debug|Any CPU
		{1404383F-801F-4769-AB1B-6691BF69ED73}.Release|Any CPU.ActiveCfg = Release|Any CPU
		{1404383F-801F-4769-AB1B-6691BF69ED73}.Release|Any CPU.Build.0 = Release|Any CPU
		{1404383F-801F-4769-AB1B-6691BF69ED73}.Release|ARM.ActiveCfg = Release|Any CPU
		{1404383F-801F-4769-AB1B-6691BF69ED73}.Release|ARM.Build.0 = Release|Any CPU
		{1404383F-801F-4769-AB1B-6691BF69ED73}.Release|iPhone.ActiveCfg = Release|Any CPU
		{1404383F-801F-4769-AB1B-6691BF69ED73}.Release|iPhone.Build.0 = Release|Any CPU
		{1404383F-801F-4769-AB1B-6691BF69ED73}.Release|iPhoneSimulator.ActiveCfg = Release|Any CPU
		{1404383F-801F-4769-AB1B-6691BF69ED73}.Release|iPhoneSimulator.Build.0 = Release|Any CPU
		{1404383F-801F-4769-AB1B-6691BF69ED73}.Release|x64.ActiveCfg = Release|Any CPU
		{1404383F-801F-4769-AB1B-6691BF69ED73}.Release|x64.Build.0 = Release|Any CPU
		{1404383F-801F-4769-AB1B-6691BF69ED73}.Release|x86.ActiveCfg = Release|Any CPU
		{1404383F-801F-4769-AB1B-6691BF69ED73}.Release|x86.Build.0 = Release|Any CPU
	EndGlobalSection
	GlobalSection(SolutionProperties) = preSolution
		HideSolutionNode = FALSE
	EndGlobalSection
	GlobalSection(NestedProjects) = preSolution
		{62E6F801-164B-46DF-BF9B-47E0064F44C8} = {F140CD30-FE4B-4183-8F05-CD72EECBEB86}
		{213710DB-774D-433A-99FE-87978DB53C77} = {488CDFBF-8556-4FE5-8C65-6C090A8399AB}
		{26C673A9-1133-4214-909C-509AB7B1F467} = {488CDFBF-8556-4FE5-8C65-6C090A8399AB}
		{62581735-A16C-4054-8534-0E37030444C3} = {488CDFBF-8556-4FE5-8C65-6C090A8399AB}
		{1404383F-801F-4769-AB1B-6691BF69ED73} = {488CDFBF-8556-4FE5-8C65-6C090A8399AB}
	EndGlobalSection
	GlobalSection(ExtensibilityGlobals) = postSolution
		SolutionGuid = {6FA10957-780B-49AE-8981-FE756F30A6FE}
	EndGlobalSection
EndGlobal
